
Microsoft Visual Studio Solution File, Format Version 12.00
# Visual Studio Version 17
VisualStudioVersion = 17.11.35327.3
MinimumVisualStudioVersion = 10.0.40219.1
Project("{FAE04EC0-301F-11D3-BF4B-00C04F79EFBC}") = "LicensesPresentationLayer", "LicensesPresentationLayer.csproj", "{AC36B54A-E75E-4E35-9A48-D32AA983F29C}"
EndProject
Global
	GlobalSection(SolutionConfigurationPlatforms) = preSolution
		Debug|Any CPU = Debug|Any CPU
		Release|Any CPU = Release|Any CPU
	EndGlobalSection
	GlobalSection(ProjectConfigurationPlatforms) = postSolution
		{AC36B54A-E75E-4E35-9A48-D32AA983F29C}.Debug|Any CPU.ActiveCfg = Debug|Any CPU
		{AC36B54A-E75E-4E35-9A48-D32AA983F29C}.Debug|Any CPU.Build.0 = Debug|Any CPU
		{AC36B54A-E75E-4E35-9A48-D32AA983F29C}.Release|Any CPU.ActiveCfg = Release|Any CPU
		{AC36B54A-E75E-4E35-9A48-D32AA983F29C}.Release|Any CPU.Build.0 = Release|Any CPU
	EndGlobalSection
	GlobalSection(SolutionProperties) = preSolution
		HideSolutionNode = FALSE
	EndGlobalSection
	GlobalSection(ExtensibilityGlobals) = postSolution
		SolutionGuid = {4FC97968-EA47-4443-B752-5299F063AEA1}
	EndGlobalSection
EndGlobal
